
Microsoft Visual Studio Solution File, Format Version 12.00
# Visual Studio 15
VisualStudioVersion = 15.0.28307.438
MinimumVisualStudioVersion = 10.0.40219.1
Project("{8BC9CEB8-8B4A-11D0-8D11-00A0C91BC942}") = "QuadtreeFrustum", "QuadtreeFrustum.vcxproj", "{28EE8543-4F59-4CEA-ADDA-3B583A56D996}"
EndProject
Global
	GlobalSection(SolutionConfigurationPlatforms) = preSolution
		Debug|x64 = Debug|x64
		Debug|x86 = Debug|x86
		Release|x64 = Release|x64
		Release|x86 = Release|x86
	EndGlobalSection
	GlobalSection(ProjectConfigurationPlatforms) = postSolution
		{28EE8543-4F59-4CEA-ADDA-3B583A56D996}.Debug|x64.ActiveCfg = Debug|x64
		{28EE8543-4F59-4CEA-ADDA-3B583A56D996}.Debug|x64.Build.0 = Debug|x64
		{28EE8543-4F59-4CEA-ADDA-3B583A56D996}.Debug|x86.ActiveCfg = Debug|Win32
		{28EE8543-4F59-4CEA-ADDA-3B583A56D996}.Debug|x86.Build.0 = Debug|Win32
		{28EE8543-4F59-4CEA-ADDA-3B583A56D996}.Release|x64.ActiveCfg = Release|x64
		{28EE8543-4F59-4CEA-ADDA-3B583A56D996}.Release|x64.Build.0 = Release|x64
		{28EE8543-4F59-4CEA-ADDA-3B583A56D996}.Release|x86.ActiveCfg = Release|Win32
		{28EE8543-4F59-4CEA-ADDA-3B583A56D996}.Release|x86.Build.0 = Release|Win32
	EndGlobalSection
	GlobalSection(SolutionProperties) = preSolution
		HideSolutionNode = FALSE
	EndGlobalSection
	GlobalSection(ExtensibilityGlobals) = postSolution
		SolutionGuid = {122E3240-87E4-4B8D-821E-3F730E88FF98}
	EndGlobalSection
EndGlobal
