
Microsoft Visual Studio Solution File, Format Version 12.00
# Visual Studio 15
VisualStudioVersion = 15.0.28307.438
MinimumVisualStudioVersion = 10.0.40219.1
Project("{8BC9CEB8-8B4A-11D0-8D11-00A0C91BC942}") = "MovingCircleByMouseInRect", "MovingCircleByMouseInRect\MovingCircleByMouseInRect.vcxproj", "{9E293373-0844-42FE-882C-D7B7D36BDA62}"
EndProject
Global
	GlobalSection(SolutionConfigurationPlatforms) = preSolution
		Debug|x64 = Debug|x64
		Debug|x86 = Debug|x86
		Release|x64 = Release|x64
		Release|x86 = Release|x86
	EndGlobalSection
	GlobalSection(ProjectConfigurationPlatforms) = postSolution
		{9E293373-0844-42FE-882C-D7B7D36BDA62}.Debug|x64.ActiveCfg = Debug|x64
		{9E293373-0844-42FE-882C-D7B7D36BDA62}.Debug|x64.Build.0 = Debug|x64
		{9E293373-0844-42FE-882C-D7B7D36BDA62}.Debug|x86.ActiveCfg = Debug|Win32
		{9E293373-0844-42FE-882C-D7B7D36BDA62}.Debug|x86.Build.0 = Debug|Win32
		{9E293373-0844-42FE-882C-D7B7D36BDA62}.Release|x64.ActiveCfg = Release|x64
		{9E293373-0844-42FE-882C-D7B7D36BDA62}.Release|x64.Build.0 = Release|x64
		{9E293373-0844-42FE-882C-D7B7D36BDA62}.Release|x86.ActiveCfg = Release|Win32
		{9E293373-0844-42FE-882C-D7B7D36BDA62}.Release|x86.Build.0 = Release|Win32
	EndGlobalSection
	GlobalSection(SolutionProperties) = preSolution
		HideSolutionNode = FALSE
	EndGlobalSection
	GlobalSection(ExtensibilityGlobals) = postSolution
		SolutionGuid = {42C8EF0C-098E-4338-9457-E0F7BA5F35AE}
	EndGlobalSection
EndGlobal
