
Microsoft Visual Studio Solution File, Format Version 12.00
# Visual Studio 15
VisualStudioVersion = 15.0.28307.438
MinimumVisualStudioVersion = 10.0.40219.1
Project("{8BC9CEB8-8B4A-11D0-8D11-00A0C91BC942}") = "ConvertByMessageBox", "ConvertByMessageBox\ConvertByMessageBox.vcxproj", "{F3B35E2E-0FAD-412A-804C-4C5B51DBE660}"
EndProject
Global
	GlobalSection(SolutionConfigurationPlatforms) = preSolution
		Debug|x64 = Debug|x64
		Debug|x86 = Debug|x86
		Release|x64 = Release|x64
		Release|x86 = Release|x86
	EndGlobalSection
	GlobalSection(ProjectConfigurationPlatforms) = postSolution
		{F3B35E2E-0FAD-412A-804C-4C5B51DBE660}.Debug|x64.ActiveCfg = Debug|x64
		{F3B35E2E-0FAD-412A-804C-4C5B51DBE660}.Debug|x64.Build.0 = Debug|x64
		{F3B35E2E-0FAD-412A-804C-4C5B51DBE660}.Debug|x86.ActiveCfg = Debug|Win32
		{F3B35E2E-0FAD-412A-804C-4C5B51DBE660}.Debug|x86.Build.0 = Debug|Win32
		{F3B35E2E-0FAD-412A-804C-4C5B51DBE660}.Release|x64.ActiveCfg = Release|x64
		{F3B35E2E-0FAD-412A-804C-4C5B51DBE660}.Release|x64.Build.0 = Release|x64
		{F3B35E2E-0FAD-412A-804C-4C5B51DBE660}.Release|x86.ActiveCfg = Release|Win32
		{F3B35E2E-0FAD-412A-804C-4C5B51DBE660}.Release|x86.Build.0 = Release|Win32
	EndGlobalSection
	GlobalSection(SolutionProperties) = preSolution
		HideSolutionNode = FALSE
	EndGlobalSection
	GlobalSection(ExtensibilityGlobals) = postSolution
		SolutionGuid = {268E9011-0C28-44BF-ABF7-563DC5B2D68E}
	EndGlobalSection
EndGlobal
