
Microsoft Visual Studio Solution File, Format Version 12.00
# Visual Studio 15
VisualStudioVersion = 15.0.28307.438
MinimumVisualStudioVersion = 10.0.40219.1
Project("{8BC9CEB8-8B4A-11D0-8D11-00A0C91BC942}") = "Animation", "Animation.vcxproj", "{420C7BD9-1B11-4DCA-BF09-90643D31C10A}"
EndProject
Global
	GlobalSection(SolutionConfigurationPlatforms) = preSolution
		Debug|x64 = Debug|x64
		Debug|x86 = Debug|x86
		Release|x64 = Release|x64
		Release|x86 = Release|x86
	EndGlobalSection
	GlobalSection(ProjectConfigurationPlatforms) = postSolution
		{420C7BD9-1B11-4DCA-BF09-90643D31C10A}.Debug|x64.ActiveCfg = Debug|x64
		{420C7BD9-1B11-4DCA-BF09-90643D31C10A}.Debug|x64.Build.0 = Debug|x64
		{420C7BD9-1B11-4DCA-BF09-90643D31C10A}.Debug|x86.ActiveCfg = Debug|Win32
		{420C7BD9-1B11-4DCA-BF09-90643D31C10A}.Debug|x86.Build.0 = Debug|Win32
		{420C7BD9-1B11-4DCA-BF09-90643D31C10A}.Release|x64.ActiveCfg = Release|x64
		{420C7BD9-1B11-4DCA-BF09-90643D31C10A}.Release|x64.Build.0 = Release|x64
		{420C7BD9-1B11-4DCA-BF09-90643D31C10A}.Release|x86.ActiveCfg = Release|Win32
		{420C7BD9-1B11-4DCA-BF09-90643D31C10A}.Release|x86.Build.0 = Release|Win32
	EndGlobalSection
	GlobalSection(SolutionProperties) = preSolution
		HideSolutionNode = FALSE
	EndGlobalSection
	GlobalSection(ExtensibilityGlobals) = postSolution
		SolutionGuid = {D944A2F4-9AD0-4553-801B-53246EFFEA78}
	EndGlobalSection
EndGlobal
