
Microsoft Visual Studio Solution File, Format Version 12.00
# Visual Studio 15
VisualStudioVersion = 15.0.28307.438
MinimumVisualStudioVersion = 10.0.40219.1
Project("{8BC9CEB8-8B4A-11D0-8D11-00A0C91BC942}") = "IndexBuffer_Hexagon", "IndexBuffer_Hexagon.vcxproj", "{B2B5E590-FD70-49BF-B94E-70970EC7CE54}"
EndProject
Global
	GlobalSection(SolutionConfigurationPlatforms) = preSolution
		Debug|x64 = Debug|x64
		Debug|x86 = Debug|x86
		Release|x64 = Release|x64
		Release|x86 = Release|x86
	EndGlobalSection
	GlobalSection(ProjectConfigurationPlatforms) = postSolution
		{B2B5E590-FD70-49BF-B94E-70970EC7CE54}.Debug|x64.ActiveCfg = Debug|x64
		{B2B5E590-FD70-49BF-B94E-70970EC7CE54}.Debug|x64.Build.0 = Debug|x64
		{B2B5E590-FD70-49BF-B94E-70970EC7CE54}.Debug|x86.ActiveCfg = Debug|Win32
		{B2B5E590-FD70-49BF-B94E-70970EC7CE54}.Debug|x86.Build.0 = Debug|Win32
		{B2B5E590-FD70-49BF-B94E-70970EC7CE54}.Release|x64.ActiveCfg = Release|x64
		{B2B5E590-FD70-49BF-B94E-70970EC7CE54}.Release|x64.Build.0 = Release|x64
		{B2B5E590-FD70-49BF-B94E-70970EC7CE54}.Release|x86.ActiveCfg = Release|Win32
		{B2B5E590-FD70-49BF-B94E-70970EC7CE54}.Release|x86.Build.0 = Release|Win32
	EndGlobalSection
	GlobalSection(SolutionProperties) = preSolution
		HideSolutionNode = FALSE
	EndGlobalSection
	GlobalSection(ExtensibilityGlobals) = postSolution
		SolutionGuid = {21DA8B4C-6389-4189-AC79-D6DA0345A9FF}
	EndGlobalSection
EndGlobal
