
Microsoft Visual Studio Solution File, Format Version 12.00
# Visual Studio 15
VisualStudioVersion = 15.0.28307.438
MinimumVisualStudioVersion = 10.0.40219.1
Project("{8BC9CEB8-8B4A-11D0-8D11-00A0C91BC942}") = "IndexBuffer", "IndexBuffer.vcxproj", "{70642B99-2697-4023-975E-288B3877CA7B}"
EndProject
Global
	GlobalSection(SolutionConfigurationPlatforms) = preSolution
		Debug|x64 = Debug|x64
		Debug|x86 = Debug|x86
		Release|x64 = Release|x64
		Release|x86 = Release|x86
	EndGlobalSection
	GlobalSection(ProjectConfigurationPlatforms) = postSolution
		{70642B99-2697-4023-975E-288B3877CA7B}.Debug|x64.ActiveCfg = Debug|x64
		{70642B99-2697-4023-975E-288B3877CA7B}.Debug|x64.Build.0 = Debug|x64
		{70642B99-2697-4023-975E-288B3877CA7B}.Debug|x86.ActiveCfg = Debug|Win32
		{70642B99-2697-4023-975E-288B3877CA7B}.Debug|x86.Build.0 = Debug|Win32
		{70642B99-2697-4023-975E-288B3877CA7B}.Release|x64.ActiveCfg = Release|x64
		{70642B99-2697-4023-975E-288B3877CA7B}.Release|x64.Build.0 = Release|x64
		{70642B99-2697-4023-975E-288B3877CA7B}.Release|x86.ActiveCfg = Release|Win32
		{70642B99-2697-4023-975E-288B3877CA7B}.Release|x86.Build.0 = Release|Win32
	EndGlobalSection
	GlobalSection(SolutionProperties) = preSolution
		HideSolutionNode = FALSE
	EndGlobalSection
	GlobalSection(ExtensibilityGlobals) = postSolution
		SolutionGuid = {C13DD817-6F83-4B40-95C4-F4F1D145931A}
	EndGlobalSection
EndGlobal
